<?xml version="1.0" encoding="utf-8"?>
<Project ToolsVersion="4.0" xmlns="http://schemas.microsoft.com/developer/msbuild/2003">
  <ItemGroup>
    <Filter Include="소스 파일">
      <UniqueIdentifier>{4FC737F1-C7A5-4376-A066-2A32D752A2FF}</UniqueIdentifier>
      <Extensions>cpp;c;cc;cxx;def;odl;idl;hpj;bat;asm;asmx</Extensions>
    </Filter>
    <Filter Include="헤더 파일">
      <UniqueIdentifier>{93995380-89BD-4b04-88EB-625FBE52EBFB}</UniqueIdentifier>
      <Extensions>h;hh;hpp;hxx;hm;inl;inc;ipp;xsd</Extensions>
    </Filter>
    <Filter Include="Problem">
      <UniqueIdentifier>{de209603-49c9-41f9-9eee-fb128c8c5d0d}</UniqueIdentifier>
    </Filter>
    <Filter Include="Problem\Problem1">
      <UniqueIdentifier>{e3d9e840-bb0c-4ca4-a542-40c34769a0b9}</UniqueIdentifier>
    </Filter>
    <Filter Include="Problem\Problem2">
      <UniqueIdentifier>{c61ec88d-6874-4e52-9db9-87d9bb16dc3d}</UniqueIdentifier>
    </Filter>
  </ItemGroup>
  <ItemGroup>
    <ClInclude Include="ProjectEuler.h">
      <Filter>헤더 파일</Filter>
    </ClInclude>
    <ClInclude Include="Problem.h">
      <Filter>헤더 파일</Filter>
    </ClInclude>
    <ClInclude Include="Problem\Problem_1.h">
      <Filter>Problem\Problem1</Filter>
    </ClInclude>
    <ClInclude Include="Problem\Problem_2.h">
      <Filter>Problem\Problem2</Filter>
    </ClInclude>
  </ItemGroup>
  <ItemGroup>
    <ClCompile Include="main.cpp">
      <Filter>소스 파일</Filter>
    </ClCompile>
    <ClCompile Include="ProjectEuler.cpp">
      <Filter>소스 파일</Filter>
    </ClCompile>
    <ClCompile Include="Problem\Problem_1.cpp">
      <Filter>Problem\Problem1</Filter>
    </ClCompile>
    <ClCompile Include="Problem_2.cpp">
      <Filter>Problem\Problem2</Filter>
    </ClCompile>
  </ItemGroup>
</Project>